// !$*UTF8*$!
{
	archiveVersion = 1;
	classes = {
	};
	objectVersion = 46;
	objects = {

/* Begin PBXBuildFile section */
		9E0186E91F193C2C006B24A7 /* OTMStudent.swift in Sources */ = {isa = PBXBuildFile; fileRef = 9E0186E81F193C2C006B24A7 /* OTMStudent.swift */; };
		9E0316741F1699CA00110259 /* LogInViewController.swift in Sources */ = {isa = PBXBuildFile; fileRef = 9E0316731F1699CA00110259 /* LogInViewController.swift */; };
		9E03167C1F16CCBD00110259 /* OTMClient.swift in Sources */ = {isa = PBXBuildFile; fileRef = 9E03167B1F16CCBD00110259 /* OTMClient.swift */; };
		9E03167E1F16CDF800110259 /* OTMConvenience.swift in Sources */ = {isa = PBXBuildFile; fileRef = 9E03167D1F16CDF800110259 /* OTMConvenience.swift */; };
		9E0316801F16D73800110259 /* OTMConstants.swift in Sources */ = {isa = PBXBuildFile; fileRef = 9E03167F1F16D73800110259 /* OTMConstants.swift */; };
		9E12BEC51F215E88004BEB8F /* SubmitLocationViewController.swift in Sources */ = {isa = PBXBuildFile; fileRef = 9E12BEC41F215E88004BEB8F /* SubmitLocationViewController.swift */; };
		9E1D47531F1EAC8A001C0BCC /* GCDBlackBox.swift in Sources */ = {isa = PBXBuildFile; fileRef = 9E1D47521F1EAC8A001C0BCC /* GCDBlackBox.swift */; };
		9E52C5D41F157C7C00AF5E83 /* AppDelegate.swift in Sources */ = {isa = PBXBuildFile; fileRef = 9E52C5D31F157C7C00AF5E83 /* AppDelegate.swift */; };
		9E52C5D91F157C7C00AF5E83 /* Main.storyboard in Resources */ = {isa = PBXBuildFile; fileRef = 9E52C5D71F157C7C00AF5E83 /* Main.storyboard */; };
		9E52C5DB1F157C7C00AF5E83 /* Assets.xcassets in Resources */ = {isa = PBXBuildFile; fileRef = 9E52C5DA1F157C7C00AF5E83 /* Assets.xcassets */; };
		9E52C5DE1F157C7C00AF5E83 /* LaunchScreen.storyboard in Resources */ = {isa = PBXBuildFile; fileRef = 9E52C5DC1F157C7C00AF5E83 /* LaunchScreen.storyboard */; };
		9E52C5E61F15906400AF5E83 /* PinMapViewController.swift in Sources */ = {isa = PBXBuildFile; fileRef = 9E52C5E51F15906400AF5E83 /* PinMapViewController.swift */; };
		9E52C5E81F1590AD00AF5E83 /* ListTableViewController.swift in Sources */ = {isa = PBXBuildFile; fileRef = 9E52C5E71F1590AD00AF5E83 /* ListTableViewController.swift */; };
		9E584D491F201EC800E6995B /* EnterLocationViewController.swift in Sources */ = {isa = PBXBuildFile; fileRef = 9E584D481F201EC800E6995B /* EnterLocationViewController.swift */; };
		9E584D4B1F20217200E6995B /* OTMTextFieldDelegate.swift in Sources */ = {isa = PBXBuildFile; fileRef = 9E584D4A1F20217200E6995B /* OTMTextFieldDelegate.swift */; };
		9E6D0FBC1F2004D700593997 /* TabViewController.swift in Sources */ = {isa = PBXBuildFile; fileRef = 9E6D0FBB1F2004D700593997 /* TabViewController.swift */; };
/* End PBXBuildFile section */

/* Begin PBXFileReference section */
		9E0186E81F193C2C006B24A7 /* OTMStudent.swift */ = {isa = PBXFileReference; fileEncoding = 4; lastKnownFileType = sourcecode.swift; path = OTMStudent.swift; sourceTree = "<group>"; };
		9E0316731F1699CA00110259 /* LogInViewController.swift */ = {isa = PBXFileReference; fileEncoding = 4; lastKnownFileType = sourcecode.swift; path = LogInViewController.swift; sourceTree = "<group>"; };
		9E03167B1F16CCBD00110259 /* OTMClient.swift */ = {isa = PBXFileReference; fileEncoding = 4; lastKnownFileType = sourcecode.swift; path = OTMClient.swift; sourceTree = "<group>"; };
		9E03167D1F16CDF800110259 /* OTMConvenience.swift */ = {isa = PBXFileReference; fileEncoding = 4; lastKnownFileType = sourcecode.swift; path = OTMConvenience.swift; sourceTree = "<group>"; };
		9E03167F1F16D73800110259 /* OTMConstants.swift */ = {isa = PBXFileReference; fileEncoding = 4; lastKnownFileType = sourcecode.swift; path = OTMConstants.swift; sourceTree = "<group>"; };
		9E12BEC41F215E88004BEB8F /* SubmitLocationViewController.swift */ = {isa = PBXFileReference; fileEncoding = 4; lastKnownFileType = sourcecode.swift; path = SubmitLocationViewController.swift; sourceTree = "<group>"; };
		9E1D47521F1EAC8A001C0BCC /* GCDBlackBox.swift */ = {isa = PBXFileReference; fileEncoding = 4; lastKnownFileType = sourcecode.swift; path = GCDBlackBox.swift; sourceTree = "<group>"; };
		9E52C5D01F157C7C00AF5E83 /* OnTheMap.app */ = {isa = PBXFileReference; explicitFileType = wrapper.application; includeInIndex = 0; path = OnTheMap.app; sourceTree = BUILT_PRODUCTS_DIR; };
		9E52C5D31F157C7C00AF5E83 /* AppDelegate.swift */ = {isa = PBXFileReference; lastKnownFileType = sourcecode.swift; path = AppDelegate.swift; sourceTree = "<group>"; };
		9E52C5D81F157C7C00AF5E83 /* Base */ = {isa = PBXFileReference; lastKnownFileType = file.storyboard; name = Base; path = Base.lproj/Main.storyboard; sourceTree = "<group>"; };
		9E52C5DA1F157C7C00AF5E83 /* Assets.xcassets */ = {isa = PBXFileReference; lastKnownFileType = folder.assetcatalog; path = Assets.xcassets; sourceTree = "<group>"; };
		9E52C5DD1F157C7C00AF5E83 /* Base */ = {isa = PBXFileReference; lastKnownFileType = file.storyboard; name = Base; path = Base.lproj/LaunchScreen.storyboard; sourceTree = "<group>"; };
		9E52C5DF1F157C7C00AF5E83 /* Info.plist */ = {isa = PBXFileReference; lastKnownFileType = text.plist.xml; path = Info.plist; sourceTree = "<group>"; };
		9E52C5E51F15906400AF5E83 /* PinMapViewController.swift */ = {isa = PBXFileReference; fileEncoding = 4; lastKnownFileType = sourcecode.swift; path = PinMapViewController.swift; sourceTree = "<group>"; };
		9E52C5E71F1590AD00AF5E83 /* ListTableViewController.swift */ = {isa = PBXFileReference; fileEncoding = 4; lastKnownFileType = sourcecode.swift; path = ListTableViewController.swift; sourceTree = "<group>"; };
		9E584D481F201EC800E6995B /* EnterLocationViewController.swift */ = {isa = PBXFileReference; fileEncoding = 4; lastKnownFileType = sourcecode.swift; path = EnterLocationViewController.swift; sourceTree = "<group>"; };
		9E584D4A1F20217200E6995B /* OTMTextFieldDelegate.swift */ = {isa = PBXFileReference; fileEncoding = 4; lastKnownFileType = sourcecode.swift; path = OTMTextFieldDelegate.swift; sourceTree = "<group>"; };
		9E6D0FBB1F2004D700593997 /* TabViewController.swift */ = {isa = PBXFileReference; fileEncoding = 4; lastKnownFileType = sourcecode.swift; path = TabViewController.swift; sourceTree = "<group>"; };
/* End PBXFileReference section */

/* Begin PBXFrameworksBuildPhase section */
		9E52C5CD1F157C7C00AF5E83 /* Frameworks */ = {
			isa = PBXFrameworksBuildPhase;
			buildActionMask = 2147483647;
			files = (
			);
			runOnlyForDeploymentPostprocessing = 0;
		};
/* End PBXFrameworksBuildPhase section */

/* Begin PBXGroup section */
		9E0316781F16BD0200110259 /* Model */ = {
			isa = PBXGroup;
			children = (
				9E03167B1F16CCBD00110259 /* OTMClient.swift */,
				9E03167D1F16CDF800110259 /* OTMConvenience.swift */,
				9E03167F1F16D73800110259 /* OTMConstants.swift */,
				9E0186E81F193C2C006B24A7 /* OTMStudent.swift */,
			);
			name = Model;
			sourceTree = "<group>";
		};
		9E0316791F16BD2600110259 /* Controller */ = {
			isa = PBXGroup;
			children = (
				9E0316731F1699CA00110259 /* LogInViewController.swift */,
				9E52C5E51F15906400AF5E83 /* PinMapViewController.swift */,
				9E52C5E71F1590AD00AF5E83 /* ListTableViewController.swift */,
				9E6D0FBB1F2004D700593997 /* TabViewController.swift */,
				9E584D481F201EC800E6995B /* EnterLocationViewController.swift */,
				9E12BEC41F215E88004BEB8F /* SubmitLocationViewController.swift */,
				9E584D4A1F20217200E6995B /* OTMTextFieldDelegate.swift */,
			);
			name = Controller;
			sourceTree = "<group>";
		};
		9E03167A1F16BD3800110259 /* View */ = {
			isa = PBXGroup;
			children = (
			);
			name = View;
			sourceTree = "<group>";
		};
		9E52C5C71F157C7C00AF5E83 = {
			isa = PBXGroup;
			children = (
				9E52C5D21F157C7C00AF5E83 /* OnTheMap */,
				9E52C5D11F157C7C00AF5E83 /* Products */,
			);
			sourceTree = "<group>";
		};
		9E52C5D11F157C7C00AF5E83 /* Products */ = {
			isa = PBXGroup;
			children = (
				9E52C5D01F157C7C00AF5E83 /* OnTheMap.app */,
			);
			name = Products;
			sourceTree = "<group>";
		};
		9E52C5D21F157C7C00AF5E83 /* OnTheMap */ = {
			isa = PBXGroup;
			children = (
				9E52C5D31F157C7C00AF5E83 /* AppDelegate.swift */,
				9E0316781F16BD0200110259 /* Model */,
				9E03167A1F16BD3800110259 /* View */,
				9E0316791F16BD2600110259 /* Controller */,
				9E52C5D71F157C7C00AF5E83 /* Main.storyboard */,
				9E52C5DC1F157C7C00AF5E83 /* LaunchScreen.storyboard */,
				9E52C5DA1F157C7C00AF5E83 /* Assets.xcassets */,
				9E52C5DF1F157C7C00AF5E83 /* Info.plist */,
				9E1D47521F1EAC8A001C0BCC /* GCDBlackBox.swift */,
			);
			path = OnTheMap;
			sourceTree = "<group>";
		};
/* End PBXGroup section */

/* Begin PBXNativeTarget section */
		9E52C5CF1F157C7C00AF5E83 /* OnTheMap */ = {
			isa = PBXNativeTarget;
			buildConfigurationList = 9E52C5E21F157C7C00AF5E83 /* Build configuration list for PBXNativeTarget "OnTheMap" */;
			buildPhases = (
				9E52C5CC1F157C7C00AF5E83 /* Sources */,
				9E52C5CD1F157C7C00AF5E83 /* Frameworks */,
				9E52C5CE1F157C7C00AF5E83 /* Resources */,
			);
			buildRules = (
			);
			dependencies = (
			);
			name = OnTheMap;
			productName = OnTheMap;
			productReference = 9E52C5D01F157C7C00AF5E83 /* OnTheMap.app */;
			productType = "com.apple.product-type.application";
		};
/* End PBXNativeTarget section */

/* Begin PBXProject section */
		9E52C5C81F157C7C00AF5E83 /* Project object */ = {
			isa = PBXProject;
			attributes = {
				LastSwiftUpdateCheck = 0830;
				LastUpgradeCheck = 0830;
				ORGANIZATIONNAME = "Erik Uecke";
				TargetAttributes = {
					9E52C5CF1F157C7C00AF5E83 = {
						CreatedOnToolsVersion = 8.3.3;
						DevelopmentTeam = DSV7VS8A6A;
						ProvisioningStyle = Automatic;
					};
				};
			};
			buildConfigurationList = 9E52C5CB1F157C7C00AF5E83 /* Build configuration list for PBXProject "OnTheMap" */;
			compatibilityVersion = "Xcode 3.2";
			developmentRegion = English;
			hasScannedForEncodings = 0;
			knownRegions = (
				en,
				Base,
			);
			mainGroup = 9E52C5C71F157C7C00AF5E83;
			productRefGroup = 9E52C5D11F157C7C00AF5E83 /* Products */;
			projectDirPath = "";
			projectRoot = "";
			targets = (
				9E52C5CF1F157C7C00AF5E83 /* OnTheMap */,
			);
		};
/* End PBXProject section */

/* Begin PBXResourcesBuildPhase section */
		9E52C5CE1F157C7C00AF5E83 /* Resources */ = {
			isa = PBXResourcesBuildPhase;
			buildActionMask = 2147483647;
			files = (
				9E52C5DE1F157C7C00AF5E83 /* LaunchScreen.storyboard in Resources */,
				9E52C5DB1F157C7C00AF5E83 /* Assets.xcassets in Resources */,
				9E52C5D91F157C7C00AF5E83 /* Main.storyboard in Resources */,
			);
			runOnlyForDeploymentPostprocessing = 0;
		};
/* End PBXResourcesBuildPhase section */

/* Begin PBXSourcesBuildPhase section */
		9E52C5CC1F157C7C00AF5E83 /* Sources */ = {
			isa = PBXSourcesBuildPhase;
			buildActionMask = 2147483647;
			files = (
				9E0186E91F193C2C006B24A7 /* OTMStudent.swift in Sources */,
				9E52C5E61F15906400AF5E83 /* PinMapViewController.swift in Sources */,
				9E03167C1F16CCBD00110259 /* OTMClient.swift in Sources */,
				9E584D491F201EC800E6995B /* EnterLocationViewController.swift in Sources */,
				9E0316801F16D73800110259 /* OTMConstants.swift in Sources */,
				9E584D4B1F20217200E6995B /* OTMTextFieldDelegate.swift in Sources */,
				9E1D47531F1EAC8A001C0BCC /* GCDBlackBox.swift in Sources */,
				9E52C5D41F157C7C00AF5E83 /* AppDelegate.swift in Sources */,
				9E0316741F1699CA00110259 /* LogInViewController.swift in Sources */,
				9E52C5E81F1590AD00AF5E83 /* ListTableViewController.swift in Sources */,
				9E12BEC51F215E88004BEB8F /* SubmitLocationViewController.swift in Sources */,
				9E6D0FBC1F2004D700593997 /* TabViewController.swift in Sources */,
				9E03167E1F16CDF800110259 /* OTMConvenience.swift in Sources */,
			);
			runOnlyForDeploymentPostprocessing = 0;
		};
/* End PBXSourcesBuildPhase section */

/* Begin PBXVariantGroup section */
		9E52C5D71F157C7C00AF5E83 /* Main.storyboard */ = {
			isa = PBXVariantGroup;
			children = (
				9E52C5D81F157C7C00AF5E83 /* Base */,
			);
			name = Main.storyboard;
			sourceTree = "<group>";
		};
		9E52C5DC1F157C7C00AF5E83 /* LaunchScreen.storyboard */ = {
			isa = PBXVariantGroup;
			children = (
				9E52C5DD1F157C7C00AF5E83 /* Base */,
			);
			name = LaunchScreen.storyboard;
			sourceTree = "<group>";
		};
/* End PBXVariantGroup section */

/* Begin XCBuildConfiguration section */
		9E52C5E01F157C7C00AF5E83 /* Debug */ = {
			isa = XCBuildConfiguration;
			buildSettings = {
				ALWAYS_SEARCH_USER_PATHS = NO;
				CLANG_ANALYZER_NONNULL = YES;
				CLANG_ANALYZER_NUMBER_OBJECT_CONVERSION = YES_AGGRESSIVE;
				CLANG_CXX_LANGUAGE_STANDARD = "gnu++0x";
				CLANG_CXX_LIBRARY = "libc++";
				CLANG_ENABLE_MODULES = YES;
				CLANG_ENABLE_OBJC_ARC = YES;
				CLANG_WARN_BOOL_CONVERSION = YES;
				CLANG_WARN_CONSTANT_CONVERSION = YES;
				CLANG_WARN_DIRECT_OBJC_ISA_USAGE = YES_ERROR;
				CLANG_WARN_DOCUMENTATION_COMMENTS = YES;
				CLANG_WARN_EMPTY_BODY = YES;
				CLANG_WARN_ENUM_CONVERSION = YES;
				CLANG_WARN_INFINITE_RECURSION = YES;
				CLANG_WARN_INT_CONVERSION = YES;
				CLANG_WARN_OBJC_ROOT_CLASS = YES_ERROR;
				CLANG_WARN_SUSPICIOUS_MOVE = YES;
				CLANG_WARN_UNREACHABLE_CODE = YES;
				CLANG_WARN__DUPLICATE_METHOD_MATCH = YES;
				"CODE_SIGN_IDENTITY[sdk=iphoneos*]" = "iPhone Developer";
				COPY_PHASE_STRIP = NO;
				DEBUG_INFORMATION_FORMAT = dwarf;
				ENABLE_STRICT_OBJC_MSGSEND = YES;
				ENABLE_TESTABILITY = YES;
				GCC_C_LANGUAGE_STANDARD = gnu99;
				GCC_DYNAMIC_NO_PIC = NO;
				GCC_NO_COMMON_BLOCKS = YES;
				GCC_OPTIMIZATION_LEVEL = 0;
				GCC_PREPROCESSOR_DEFINITIONS = (
					"DEBUG=1",
					"$(inherited)",
				);
				GCC_WARN_64_TO_32_BIT_CONVERSION = YES;
				GCC_WARN_ABOUT_RETURN_TYPE = YES_ERROR;
				GCC_WARN_UNDECLARED_SELECTOR = YES;
				GCC_WARN_UNINITIALIZED_AUTOS = YES_AGGRESSIVE;
				GCC_WARN_UNUSED_FUNCTION = YES;
				GCC_WARN_UNUSED_VARIABLE = YES;
				IPHONEOS_DEPLOYMENT_TARGET = 10.3;
				MTL_ENABLE_DEBUG_INFO = YES;
				ONLY_ACTIVE_ARCH = YES;
				SDKROOT = iphoneos;
				SWIFT_ACTIVE_COMPILATION_CONDITIONS = DEBUG;
				SWIFT_OPTIMIZATION_LEVEL = "-Onone";
			};
			name = Debug;
		};
		9E52C5E11F157C7C00AF5E83 /* Release */ = {
			isa = XCBuildConfiguration;
			buildSettings = {
				ALWAYS_SEARCH_USER_PATHS = NO;
				CLANG_ANALYZER_NONNULL = YES;
				CLANG_ANALYZER_NUMBER_OBJECT_CONVERSION = YES_AGGRESSIVE;
				CLANG_CXX_LANGUAGE_STANDARD = "gnu++0x";
				CLANG_CXX_LIBRARY = "libc++";
				CLANG_ENABLE_MODULES = YES;
				CLANG_ENABLE_OBJC_ARC = YES;
				CLANG_WARN_BOOL_CONVERSION = YES;
				CLANG_WARN_CONSTANT_CONVERSION = YES;
				CLANG_WARN_DIRECT_OBJC_ISA_USAGE = YES_ERROR;
				CLANG_WARN_DOCUMENTATION_COMMENTS = YES;
				CLANG_WARN_EMPTY_BODY = YES;
				CLANG_WARN_ENUM_CONVERSION = YES;
				CLANG_WARN_INFINITE_RECURSION = YES;
				CLANG_WARN_INT_CONVERSION = YES;
				CLANG_WARN_OBJC_ROOT_CLASS = YES_ERROR;
				CLANG_WARN_SUSPICIOUS_MOVE = YES;
				CLANG_WARN_UNREACHABLE_CODE = YES;
				CLANG_WARN__DUPLICATE_METHOD_MATCH = YES;
				"CODE_SIGN_IDENTITY[sdk=iphoneos*]" = "iPhone Developer";
				COPY_PHASE_STRIP = NO;
				DEBUG_INFORMATION_FORMAT = "dwarf-with-dsym";
				ENABLE_NS_ASSERTIONS = NO;
				ENABLE_STRICT_OBJC_MSGSEND = YES;
				GCC_C_LANGUAGE_STANDARD = gnu99;
				GCC_NO_COMMON_BLOCKS = YES;
				GCC_WARN_64_TO_32_BIT_CONVERSION = YES;
				GCC_WARN_ABOUT_RETURN_TYPE = YES_ERROR;
				GCC_WARN_UNDECLARED_SELECTOR = YES;
				GCC_WARN_UNINITIALIZED_AUTOS = YES_AGGRESSIVE;
				GCC_WARN_UNUSED_FUNCTION = YES;
				GCC_WARN_UNUSED_VARIABLE = YES;
				IPHONEOS_DEPLOYMENT_TARGET = 10.3;
				MTL_ENABLE_DEBUG_INFO = NO;
				SDKROOT = iphoneos;
				SWIFT_OPTIMIZATION_LEVEL = "-Owholemodule";
				VALIDATE_PRODUCT = YES;
			};
			name = Release;
		};
		9E52C5E31F157C7C00AF5E83 /* Debug */ = {
			isa = XCBuildConfiguration;
			buildSettings = {
				ASSETCATALOG_COMPILER_APPICON_NAME = AppIcon;
				DEVELOPMENT_TEAM = DSV7VS8A6A;
				INFOPLIST_FILE = OnTheMap/Info.plist;
				LD_RUNPATH_SEARCH_PATHS = "$(inherited) @executable_path/Frameworks";
				PRODUCT_BUNDLE_IDENTIFIER = com.erikuecke.OnTheMap;
				PRODUCT_NAME = "$(TARGET_NAME)";
				SWIFT_VERSION = 3.0;
			};
			name = Debug;
		};
		9E52C5E41F157C7C00AF5E83 /* Release */ = {
			isa = XCBuildConfiguration;
			buildSettings = {
				ASSETCATALOG_COMPILER_APPICON_NAME = AppIcon;
				DEVELOPMENT_TEAM = DSV7VS8A6A;
				INFOPLIST_FILE = OnTheMap/Info.plist;
				LD_RUNPATH_SEARCH_PATHS = "$(inherited) @executable_path/Frameworks";
				PRODUCT_BUNDLE_IDENTIFIER = com.erikuecke.OnTheMap;
				PRODUCT_NAME = "$(TARGET_NAME)";
				SWIFT_VERSION = 3.0;
			};
			name = Release;
		};
/* End XCBuildConfiguration section */

/* Begin XCConfigurationList section */
		9E52C5CB1F157C7C00AF5E83 /* Build configuration list for PBXProject "OnTheMap" */ = {
			isa = XCConfigurationList;
			buildConfigurations = (
				9E52C5E01F157C7C00AF5E83 /* Debug */,
				9E52C5E11F157C7C00AF5E83 /* Release */,
			);
			defaultConfigurationIsVisible = 0;
			defaultConfigurationName = Release;
		};
		9E52C5E21F157C7C00AF5E83 /* Build configuration list for PBXNativeTarget "OnTheMap" */ = {
			isa = XCConfigurationList;
			buildConfigurations = (
				9E52C5E31F157C7C00AF5E83 /* Debug */,
				9E52C5E41F157C7C00AF5E83 /* Release */,
			);
			defaultConfigurationIsVisible = 0;
			defaultConfigurationName = Release;
		};
/* End XCConfigurationList section */
	};
	rootObject = 9E52C5C81F157C7C00AF5E83 /* Project object */;
}
